google.golang.org/grpc/cmd/protoc-gen-go-grpc v1.6.1 h1:/WILD1UcXj/ujCxgoL/DvRgt2CP3txG8+FwkUbb9110=
google.golang.org/grpc/cmd/protoc-gen-go-grpc v1.6.1/go.mod h1:YNKnb2OAApgYn2oYY47Rn7alMr1zWjb2U8Q0aoGWiNc=
google.golang.org/protobuf v1.36.11 h1:fV6ZwhNocDyBLK0dj+fg8ektcVegBBuEolpbTQyBNVE=
google.golang.org/protobuf v1.36.11/go.mod h1:HTf+CrKn2C3g5S8VImy6tdcUvCska2kB7j23XfzDpco=
