{
    "name": "herd-docs",
    "lockfileVersion": 3,
    "requires": true,
    "packages": {
        "": {
            "name": "herd-docs",
            "dependencies": {
                "@fortawesome/fontawesome-free": "^6.3.0",
                "@primer/css": "^20.8.0"
            },
            "devDependencies": {
                "asciinema-player": "^3.1.0"
            }
        },
        "node_modules/@babel/runtime": {
            "version": "7.20.13",
            "resolved": "https://registry.npmjs.org/@babel/runtime/-/runtime-7.20.13.tgz",
            "integrity": "sha512-gt3PKXs0DBoL9xCvOIIZ2NEqAGZqHjAnmVbfQtB620V0uReIQutpel14KcneZuer7UioY8ALKZ7iocavvzTNFA==",
            "dev": true,
            "dependencies": {
                "regenerator-runtime": "^0.13.11"
            },
            "engines": {
                "node": ">=6.9.0"
            }
        },
        "node_modules/@fortawesome/fontawesome-free": {
            "version": "6.3.0",
            "resolved": "https://registry.npmjs.org/@fortawesome/fontawesome-free/-/fontawesome-free-6.3.0.tgz",
            "integrity": "sha512-qVtd5i1Cc7cdrqnTWqTObKQHjPWAiRwjUPaXObaeNPcy7+WKxJumGBx66rfSFgK6LNpIasVKkEgW8oyf0tmPLA==",
            "hasInstallScript": true,
            "engines": {
                "node": ">=6"
            }
        },
        "node_modules/@github/auto-check-element": {
            "version": "5.2.0",
            "resolved": "https://registry.npmjs.org/@github/auto-check-element/-/auto-check-element-5.2.0.tgz",
            "integrity": "sha512-YODZZUSeoZVJQ04p73MAohrEK37SJlVRDUTaFiPYse9K3z3bNEm+ekq5qYCIyDKGgX7hUhr3WZF35qHxr/zu0Q==",
            "dependencies": {
                "@github/mini-throttle": "^1.0.7"
            }
        },
        "node_modules/@github/auto-check-element/node_modules/@github/mini-throttle": {
            "version": "1.0.7",
            "resolved": "https://registry.npmjs.org/@github/mini-throttle/-/mini-throttle-1.0.7.tgz",
            "integrity": "sha512-1fzCDXpxI4J59pNmO0r0Y1g+R8Sa2B5ersce8AuFu5STMu7b++9osdedK0zWduYowBIgsPQZihJBN19WrAF64g=="
        },
        "node_modules/@github/auto-complete-element": {
            "version": "3.3.4",
            "resolved": "https://registry.npmjs.org/@github/auto-complete-element/-/auto-complete-element-3.3.4.tgz",
            "integrity": "sha512-b9SBCLIQGfCI3G0pGYE8rBSUDON5iFKUgHXgAtVdgZii0dnLFxNl5tn1R/RaBEFdzBQPDl9vqu41TF/Hs3w8FA==",
            "dependencies": {
                "@github/combobox-nav": "^2.0.2"
            }
        },
        "node_modules/@github/catalyst": {
            "version": "1.6.0",
            "resolved": "https://registry.npmjs.org/@github/catalyst/-/catalyst-1.6.0.tgz",
            "integrity": "sha512-u8A+DameixqpeyHzvnJWTGj+wfiskQOYHzSiJscCWVfMkIT3rxnbHMtGh3lMthaRY21nbUOK71WcsCnCrXhBJQ=="
        },
        "node_modules/@github/clipboard-copy-element": {
            "version": "1.1.2",
            "resolved": "https://registry.npmjs.org/@github/clipboard-copy-element/-/clipboard-copy-element-1.1.2.tgz",
            "integrity": "sha512-L6CMrcA5we0udafvoSuRCE/Ci/3xrLWKYRGup2IlhxF771bQYsQ2EB1of182pI8ZWM4oxgwzu37+igMeoZjN/A=="
        },
        "node_modules/@github/combobox-nav": {
            "version": "2.1.5",
            "resolved": "https://registry.npmjs.org/@github/combobox-nav/-/combobox-nav-2.1.5.tgz",
            "integrity": "sha512-dmG1PuppNKHnBBEcfylWDwj9SSxd/E/qd8mC1G/klQC3s7ps5q6JZ034mwkkG0LKfI+Y+UgEua/ROD776N400w=="
        },
        "node_modules/@github/details-menu-element": {
            "version": "1.0.13",
            "resolved": "https://registry.npmjs.org/@github/details-menu-element/-/details-menu-element-1.0.13.tgz",
            "integrity": "sha512-gMkii86w/oUP5dq8yOWZn1sgbgtFj3AYETxxtpsqRggZktgd8te4+npAn4Hm+936c/lxmEzXqfjARL/CzGR4+w=="
        },
        "node_modules/@github/image-crop-element": {
            "version": "5.0.0",
            "resolved": "https://registry.npmjs.org/@github/image-crop-element/-/image-crop-element-5.0.0.tgz",
            "integrity": "sha512-Vgm2OwWAs1ESoib/t5sjxsAYo6YTOxxAjWDRxswX7qrqoyCejTZ3hshdo4Ep5e+Mz/GVTZC3rdMtg06dk/eT4g=="
        },
        "node_modules/@github/mini-throttle": {
            "version": "2.1.0",
            "resolved": "https://registry.npmjs.org/@github/mini-throttle/-/mini-throttle-2.1.0.tgz",
            "integrity": "sha512-iEeR2OdVCPkdIPUszL8gJnKNu4MR8ANh7y0u/LPyaatYezgaWxUZEzhFntloqQq+HE6MZkFy+cl+xzCNuljOdw=="
        },
        "node_modules/@github/relative-time-element": {
            "version": "4.1.5",
            "resolved": "https://registry.npmjs.org/@github/relative-time-element/-/relative-time-element-4.1.5.tgz",
            "integrity": "sha512-WAf1EQV5Sn6jGuAIQur/ztKlEV9R+VHDNwqEbeaOb6s9fiwM5z7+ujlWNZtgFkDp3lF0H8D/f0vdiPlfHz0ZTQ=="
        },
        "node_modules/@github/tab-container-element": {
            "version": "3.2.0",
            "resolved": "https://registry.npmjs.org/@github/tab-container-element/-/tab-container-element-3.2.0.tgz",
            "integrity": "sha512-to5ZJuywKK3KX53X1ifOcWjvUTQcBGdQ6Qkhm8L97xQ3ovICag1048M3YMpc+QSdr8xWeCBMnLeMnENqotB0Og=="
        },
        "node_modules/@primer/behaviors": {
            "version": "1.3.1",
            "resolved": "https://registry.npmjs.org/@primer/behaviors/-/behaviors-1.3.1.tgz",
            "integrity": "sha512-aMRDUQ350lk0FxtL5gJWPFHHOSSzDbJ6uNJVIt8XSqiGe1pxuW5mVVfrEp1uvzZ0pCHkCdm9fycjnfOeMeIrOQ=="
        },
        "node_modules/@primer/css": {
            "version": "20.8.0",
            "resolved": "https://registry.npmjs.org/@primer/css/-/css-20.8.0.tgz",
            "integrity": "sha512-ybrROX5Qaurqidl4QlSC7AwZ1fTKODlQQDkncOXzHoFM0xe2aMH4zvGXz79Cz2W1sdJ4kpa8dsGqfkkcXbjalQ==",
            "dependencies": {
                "@primer/primitives": "^7.9.0",
                "@primer/view-components": "^0.0.115"
            },
            "engines": {
                "node": "^12.20.0 || ^14.13.1 || >=16.0.0"
            }
        },
        "node_modules/@primer/primitives": {
            "version": "7.10.0",
            "resolved": "https://registry.npmjs.org/@primer/primitives/-/primitives-7.10.0.tgz",
            "integrity": "sha512-DdLHq21e93R9qDHyRuRpytBLY0Up9IwNWMOUgPNW6lRSng4N4+IdUlLS3Ekbasmxfs8Z8vKS8aezeYovQ5qsxQ=="
        },
        "node_modules/@primer/view-components": {
            "version": "0.0.115",
            "resolved": "https://registry.npmjs.org/@primer/view-components/-/view-components-0.0.115.tgz",
            "integrity": "sha512-Qo6vNE0/UK6azsu9wTpb9AneHpM2FkA/saZ6UB1kvRttD5M0d/xto8sqq6b45QkKukqIlS4MhzyyvLIvC6rI1g==",
            "dependencies": {
                "@github/auto-check-element": "^5.2.0",
                "@github/auto-complete-element": "^3.3.4",
                "@github/catalyst": "^1.6.0",
                "@github/clipboard-copy-element": "^1.1.2",
                "@github/details-menu-element": "^1.0.12",
                "@github/image-crop-element": "^5.0.0",
                "@github/mini-throttle": "^2.1.0",
                "@github/relative-time-element": "^4.0.0",
                "@github/tab-container-element": "^3.1.2",
                "@primer/behaviors": "^1.2.0"
            }
        },
        "node_modules/asciinema-player": {
            "version": "3.1.0",
            "resolved": "https://registry.npmjs.org/asciinema-player/-/asciinema-player-3.1.0.tgz",
            "integrity": "sha512-O36+vQOreHW2w9Sao7AbHY4o3RJW7AxtVGtQdb74QkKZmaY8VzQJ3u36PTzltqlybJIpwXY9yK/PdVVmgmTEpg==",
            "dev": true,
            "dependencies": {
                "@babel/runtime": "^7.15.4",
                "solid-js": "^1.3.0"
            }
        },
        "node_modules/csstype": {
            "version": "3.1.1",
            "resolved": "https://registry.npmjs.org/csstype/-/csstype-3.1.1.tgz",
            "integrity": "sha512-DJR/VvkAvSZW9bTouZue2sSxDwdTN92uHjqeKVm+0dAqdfNykRzQ95tay8aXMBAAPpUiq4Qcug2L7neoRh2Egw==",
            "dev": true
        },
        "node_modules/regenerator-runtime": {
            "version": "0.13.11",
            "resolved": "https://registry.npmjs.org/regenerator-runtime/-/regenerator-runtime-0.13.11.tgz",
            "integrity": "sha512-kY1AZVr2Ra+t+piVaJ4gxaFaReZVH40AKNo7UCX6W+dEwBo/2oZJzqfuN1qLq1oL45o56cPaTXELwrTh8Fpggg==",
            "dev": true
        },
        "node_modules/solid-js": {
            "version": "1.6.10",
            "resolved": "https://registry.npmjs.org/solid-js/-/solid-js-1.6.10.tgz",
            "integrity": "sha512-Sf0e6PQCEFkFtbPq0L+93Ua81YQOefBEbvDJ0YXT92b6Lzw0k7UvzSd2l1BbYM+yzE3UmepU1tyMDc/3nIByjA==",
            "dev": true,
            "dependencies": {
                "csstype": "^3.1.0"
            }
        }
    }
}
